
Microsoft Visual Studio Solution File, Format Version 12.00
Project("{FAE04EC0-301F-11D3-BF4B-00C04F79EFBC}") = "TeamsMediaBot", "TeamsMediaBot\TeamsMediaBot.csproj", "{4371314D-1ECC-491A-9981-D2A89EC84B3B}"
EndProject
Global
	GlobalSection(SolutionConfigurationPlatforms) = preSolution
		Debug|Any CPU = Debug|Any CPU
		Release|Any CPU = Release|Any CPU
	EndGlobalSection
	GlobalSection(ProjectConfigurationPlatforms) = postSolution
		{4371314D-1ECC-491A-9981-D2A89EC84B3B}.Debug|Any CPU.ActiveCfg = Debug|Any CPU
		{4371314D-1ECC-491A-9981-D2A89EC84B3B}.Debug|Any CPU.Build.0 = Debug|Any CPU
		{4371314D-1ECC-491A-9981-D2A89EC84B3B}.Release|Any CPU.ActiveCfg = Release|Any CPU
		{4371314D-1ECC-491A-9981-D2A89EC84B3B}.Release|Any CPU.Build.0 = Release|Any CPU
	EndGlobalSection
EndGlobal
